# This file is automatically @generated by Cargo.
# It is not intended for manual editing.
[[package]]
name = "libc"
version = "0.2.67"
source = "registry+https://github.com/rust-lang/crates.io-index"

[[package]]
name = "pam"
version = "0.7.0"
source = "registry+https://github.com/rust-lang/crates.io-index"
dependencies = [
 "libc 0.2.67 (registry+https://github.com/rust-lang/crates.io-index)",
 "pam-sys 0.5.6 (registry+https://github.com/rust-lang/crates.io-index)",
 "users 0.8.1 (registry+https://github.com/rust-lang/crates.io-index)",
]

[[package]]
name = "pam-sys"
version = "0.5.6"
source = "registry+https://github.com/rust-lang/crates.io-index"
dependencies = [
 "libc 0.2.67 (registry+https://github.com/rust-lang/crates.io-index)",
]

[[package]]
name = "pam_tester"
version = "0.1.2"
dependencies = [
 "pam 0.7.0 (registry+https://github.com/rust-lang/crates.io-index)",
]

[[package]]
name = "users"
version = "0.8.1"
source = "registry+https://github.com/rust-lang/crates.io-index"
dependencies = [
 "libc 0.2.67 (registry+https://github.com/rust-lang/crates.io-index)",
]

[metadata]
"checksum libc 0.2.67 (registry+https://github.com/rust-lang/crates.io-index)" = "eb147597cdf94ed43ab7a9038716637d2d1bf2bc571da995d0028dec06bd3018"
"checksum pam 0.7.0 (registry+https://github.com/rust-lang/crates.io-index)" = "fa2bdc959c201c047004a1420a92aaa1dd1a6b64d5ef333aa3a4ac764fb93097"
"checksum pam-sys 0.5.6 (registry+https://github.com/rust-lang/crates.io-index)" = "cd4858311a097f01a0006ef7d0cd50bca81ec430c949d7bf95cbefd202282434"
"checksum users 0.8.1 (registry+https://github.com/rust-lang/crates.io-index)" = "7fed7d0912567d35f88010c23dbaf865e9da8b5227295e8dc0f2fdd109155ab7"
